
Microsoft Visual Studio Solution File, Format Version 12.00
# Visual Studio Version 17
VisualStudioVersion = 17.4.33103.184
MinimumVisualStudioVersion = 10.0.40219.1
Project("{9A19103F-16F7-4668-BE54-9A1E7A4F7556}") = "Stories.Api", "Stories.Api.csproj", "{5F03D02E-C22A-4B37-80DE-093166CF80EB}"
EndProject
Project("{FAE04EC0-301F-11D3-BF4B-00C04F79EFBC}") = "Stories.ApiTests", "..\Stories.ApiTests\Stories.ApiTests.csproj", "{8E0E4BE2-5D39-4480-808F-11A040C8962F}"
EndProject
Global
	GlobalSection(SolutionConfigurationPlatforms) = preSolution
		Debug|Any CPU = Debug|Any CPU
		Release|Any CPU = Release|Any CPU
	EndGlobalSection
	GlobalSection(ProjectConfigurationPlatforms) = postSolution
		{5F03D02E-C22A-4B37-80DE-093166CF80EB}.Debug|Any CPU.ActiveCfg = Debug|Any CPU
		{5F03D02E-C22A-4B37-80DE-093166CF80EB}.Debug|Any CPU.Build.0 = Debug|Any CPU
		{5F03D02E-C22A-4B37-80DE-093166CF80EB}.Release|Any CPU.ActiveCfg = Release|Any CPU
		{5F03D02E-C22A-4B37-80DE-093166CF80EB}.Release|Any CPU.Build.0 = Release|Any CPU
		{8E0E4BE2-5D39-4480-808F-11A040C8962F}.Debug|Any CPU.ActiveCfg = Debug|Any CPU
		{8E0E4BE2-5D39-4480-808F-11A040C8962F}.Debug|Any CPU.Build.0 = Debug|Any CPU
		{8E0E4BE2-5D39-4480-808F-11A040C8962F}.Release|Any CPU.ActiveCfg = Release|Any CPU
		{8E0E4BE2-5D39-4480-808F-11A040C8962F}.Release|Any CPU.Build.0 = Release|Any CPU
	EndGlobalSection
	GlobalSection(SolutionProperties) = preSolution
		HideSolutionNode = FALSE
	EndGlobalSection
	GlobalSection(ExtensibilityGlobals) = postSolution
		SolutionGuid = {268620F2-438F-4A4E-8B23-C3E7DB0F62A4}
	EndGlobalSection
EndGlobal
